
Microsoft Visual Studio Solution File, Format Version 12.00
# Visual Studio Version 17
VisualStudioVersion = 17.0.31903.59
MinimumVisualStudioVersion = 10.0.40219.1
Project("{2150E333-8FDC-42A3-9474-1A3956D46DE8}") = "src", "src", "{827E0CD3-B72D-47B6-A68D-7590B98EB39B}"
EndProject
Project("{FAE04EC0-301F-11D3-BF4B-00C04F79EFBC}") = "Jwibulnori.Core", "src\Jwibulnori.Core\Jwibulnori.Core.csproj", "{1690C6F7-8FBF-41DE-B287-17C092E0A32B}"
EndProject
Project("{FAE04EC0-301F-11D3-BF4B-00C04F79EFBC}") = "Jwibulnori.Autograd", "src\Jwibulnori.Autograd\Jwibulnori.Autograd.csproj", "{ED44FBD1-0A70-4EFE-AB48-5EDB9AF517D8}"
EndProject
Project("{FAE04EC0-301F-11D3-BF4B-00C04F79EFBC}") = "Jwibulnori.CUDAInterop", "src\Jwibulnori.CUDAInterop\Jwibulnori.CUDAInterop.csproj", "{3C6952BC-77E5-4ECB-A169-FCDC2420403A}"
EndProject
Project("{FAE04EC0-301F-11D3-BF4B-00C04F79EFBC}") = "Jwibulnori.NN", "src\Jwibulnori.NN\Jwibulnori.NN.csproj", "{7C1BFD15-05CB-40EF-A2BB-B841DA373185}"
EndProject
Project("{2150E333-8FDC-42A3-9474-1A3956D46DE8}") = "tests", "tests", "{0AB3BF05-4346-4AA6-1389-037BE0695223}"
EndProject
Project("{FAE04EC0-301F-11D3-BF4B-00C04F79EFBC}") = "Jwibulnori.Core.Tests", "tests\Jwibulnori.Core.Tests\Jwibulnori.Core.Tests.csproj", "{1F0597BD-BA73-443B-9480-B06A41CCFA6B}"
EndProject
Project("{2150E333-8FDC-42A3-9474-1A3956D46DE8}") = "examples", "examples", "{B36A84DF-456D-A817-6EDD-3EC3E7F6E11F}"
EndProject
Project("{FAE04EC0-301F-11D3-BF4B-00C04F79EFBC}") = "HelloTensor", "examples\HelloTensor\HelloTensor.csproj", "{2ABC7120-B697-4203-9A9A-818DD9A4CE26}"
EndProject
Project("{2150E333-8FDC-42A3-9474-1A3956D46DE8}") = "benchmark", "benchmark", "{09EED85C-BE3C-7566-DC0E-2E8E43466740}"
EndProject
Project("{FAE04EC0-301F-11D3-BF4B-00C04F79EFBC}") = "Jwibulnori.Benchmark", "benchmark\Jwibulnori.Benchmark.csproj", "{32FE9C69-6EE1-4E15-9D68-F885B849ECCD}"
EndProject
Global
	GlobalSection(SolutionConfigurationPlatforms) = preSolution
		Debug|Any CPU = Debug|Any CPU
		Debug|x64 = Debug|x64
		Debug|x86 = Debug|x86
		Release|Any CPU = Release|Any CPU
		Release|x64 = Release|x64
		Release|x86 = Release|x86
	EndGlobalSection
	GlobalSection(ProjectConfigurationPlatforms) = postSolution
		{1690C6F7-8FBF-41DE-B287-17C092E0A32B}.Debug|Any CPU.ActiveCfg = Debug|Any CPU
		{1690C6F7-8FBF-41DE-B287-17C092E0A32B}.Debug|Any CPU.Build.0 = Debug|Any CPU
		{1690C6F7-8FBF-41DE-B287-17C092E0A32B}.Debug|x64.ActiveCfg = Debug|Any CPU
		{1690C6F7-8FBF-41DE-B287-17C092E0A32B}.Debug|x64.Build.0 = Debug|Any CPU
		{1690C6F7-8FBF-41DE-B287-17C092E0A32B}.Debug|x86.ActiveCfg = Debug|Any CPU
		{1690C6F7-8FBF-41DE-B287-17C092E0A32B}.Debug|x86.Build.0 = Debug|Any CPU
		{1690C6F7-8FBF-41DE-B287-17C092E0A32B}.Release|Any CPU.ActiveCfg = Release|Any CPU
		{1690C6F7-8FBF-41DE-B287-17C092E0A32B}.Release|Any CPU.Build.0 = Release|Any CPU
		{1690C6F7-8FBF-41DE-B287-17C092E0A32B}.Release|x64.ActiveCfg = Release|Any CPU
		{1690C6F7-8FBF-41DE-B287-17C092E0A32B}.Release|x64.Build.0 = Release|Any CPU
		{1690C6F7-8FBF-41DE-B287-17C092E0A32B}.Release|x86.ActiveCfg = Release|Any CPU
		{1690C6F7-8FBF-41DE-B287-17C092E0A32B}.Release|x86.Build.0 = Release|Any CPU
		{ED44FBD1-0A70-4EFE-AB48-5EDB9AF517D8}.Debug|Any CPU.ActiveCfg = Debug|Any CPU
		{ED44FBD1-0A70-4EFE-AB48-5EDB9AF517D8}.Debug|Any CPU.Build.0 = Debug|Any CPU
		{ED44FBD1-0A70-4EFE-AB48-5EDB9AF517D8}.Debug|x64.ActiveCfg = Debug|Any CPU
		{ED44FBD1-0A70-4EFE-AB48-5EDB9AF517D8}.Debug|x64.Build.0 = Debug|Any CPU
		{ED44FBD1-0A70-4EFE-AB48-5EDB9AF517D8}.Debug|x86.ActiveCfg = Debug|Any CPU
		{ED44FBD1-0A70-4EFE-AB48-5EDB9AF517D8}.Debug|x86.Build.0 = Debug|Any CPU
		{ED44FBD1-0A70-4EFE-AB48-5EDB9AF517D8}.Release|Any CPU.ActiveCfg = Release|Any CPU
		{ED44FBD1-0A70-4EFE-AB48-5EDB9AF517D8}.Release|Any CPU.Build.0 = Release|Any CPU
		{ED44FBD1-0A70-4EFE-AB48-5EDB9AF517D8}.Release|x64.ActiveCfg = Release|Any CPU
		{ED44FBD1-0A70-4EFE-AB48-5EDB9AF517D8}.Release|x64.Build.0 = Release|Any CPU
		{ED44FBD1-0A70-4EFE-AB48-5EDB9AF517D8}.Release|x86.ActiveCfg = Release|Any CPU
		{ED44FBD1-0A70-4EFE-AB48-5EDB9AF517D8}.Release|x86.Build.0 = Release|Any CPU
		{3C6952BC-77E5-4ECB-A169-FCDC2420403A}.Debug|Any CPU.ActiveCfg = Debug|Any CPU
		{3C6952BC-77E5-4ECB-A169-FCDC2420403A}.Debug|Any CPU.Build.0 = Debug|Any CPU
		{3C6952BC-77E5-4ECB-A169-FCDC2420403A}.Debug|x64.ActiveCfg = Debug|Any CPU
		{3C6952BC-77E5-4ECB-A169-FCDC2420403A}.Debug|x64.Build.0 = Debug|Any CPU
		{3C6952BC-77E5-4ECB-A169-FCDC2420403A}.Debug|x86.ActiveCfg = Debug|Any CPU
		{3C6952BC-77E5-4ECB-A169-FCDC2420403A}.Debug|x86.Build.0 = Debug|Any CPU
		{3C6952BC-77E5-4ECB-A169-FCDC2420403A}.Release|Any CPU.ActiveCfg = Release|Any CPU
		{3C6952BC-77E5-4ECB-A169-FCDC2420403A}.Release|Any CPU.Build.0 = Release|Any CPU
		{3C6952BC-77E5-4ECB-A169-FCDC2420403A}.Release|x64.ActiveCfg = Release|Any CPU
		{3C6952BC-77E5-4ECB-A169-FCDC2420403A}.Release|x64.Build.0 = Release|Any CPU
		{3C6952BC-77E5-4ECB-A169-FCDC2420403A}.Release|x86.ActiveCfg = Release|Any CPU
		{3C6952BC-77E5-4ECB-A169-FCDC2420403A}.Release|x86.Build.0 = Release|Any CPU
		{7C1BFD15-05CB-40EF-A2BB-B841DA373185}.Debug|Any CPU.ActiveCfg = Debug|Any CPU
		{7C1BFD15-05CB-40EF-A2BB-B841DA373185}.Debug|Any CPU.Build.0 = Debug|Any CPU
		{7C1BFD15-05CB-40EF-A2BB-B841DA373185}.Debug|x64.ActiveCfg = Debug|Any CPU
		{7C1BFD15-05CB-40EF-A2BB-B841DA373185}.Debug|x64.Build.0 = Debug|Any CPU
		{7C1BFD15-05CB-40EF-A2BB-B841DA373185}.Debug|x86.ActiveCfg = Debug|Any CPU
		{7C1BFD15-05CB-40EF-A2BB-B841DA373185}.Debug|x86.Build.0 = Debug|Any CPU
		{7C1BFD15-05CB-40EF-A2BB-B841DA373185}.Release|Any CPU.ActiveCfg = Release|Any CPU
		{7C1BFD15-05CB-40EF-A2BB-B841DA373185}.Release|Any CPU.Build.0 = Release|Any CPU
		{7C1BFD15-05CB-40EF-A2BB-B841DA373185}.Release|x64.ActiveCfg = Release|Any CPU
		{7C1BFD15-05CB-40EF-A2BB-B841DA373185}.Release|x64.Build.0 = Release|Any CPU
		{7C1BFD15-05CB-40EF-A2BB-B841DA373185}.Release|x86.ActiveCfg = Release|Any CPU
		{7C1BFD15-05CB-40EF-A2BB-B841DA373185}.Release|x86.Build.0 = Release|Any CPU
		{1F0597BD-BA73-443B-9480-B06A41CCFA6B}.Debug|Any CPU.ActiveCfg = Debug|Any CPU
		{1F0597BD-BA73-443B-9480-B06A41CCFA6B}.Debug|Any CPU.Build.0 = Debug|Any CPU
		{1F0597BD-BA73-443B-9480-B06A41CCFA6B}.Debug|x64.ActiveCfg = Debug|Any CPU
		{1F0597BD-BA73-443B-9480-B06A41CCFA6B}.Debug|x64.Build.0 = Debug|Any CPU
		{1F0597BD-BA73-443B-9480-B06A41CCFA6B}.Debug|x86.ActiveCfg = Debug|Any CPU
		{1F0597BD-BA73-443B-9480-B06A41CCFA6B}.Debug|x86.Build.0 = Debug|Any CPU
		{1F0597BD-BA73-443B-9480-B06A41CCFA6B}.Release|Any CPU.ActiveCfg = Release|Any CPU
		{1F0597BD-BA73-443B-9480-B06A41CCFA6B}.Release|Any CPU.Build.0 = Release|Any CPU
		{1F0597BD-BA73-443B-9480-B06A41CCFA6B}.Release|x64.ActiveCfg = Release|Any CPU
		{1F0597BD-BA73-443B-9480-B06A41CCFA6B}.Release|x64.Build.0 = Release|Any CPU
		{1F0597BD-BA73-443B-9480-B06A41CCFA6B}.Release|x86.ActiveCfg = Release|Any CPU
		{1F0597BD-BA73-443B-9480-B06A41CCFA6B}.Release|x86.Build.0 = Release|Any CPU
		{2ABC7120-B697-4203-9A9A-818DD9A4CE26}.Debug|Any CPU.ActiveCfg = Debug|Any CPU
		{2ABC7120-B697-4203-9A9A-818DD9A4CE26}.Debug|Any CPU.Build.0 = Debug|Any CPU
		{2ABC7120-B697-4203-9A9A-818DD9A4CE26}.Debug|x64.ActiveCfg = Debug|Any CPU
		{2ABC7120-B697-4203-9A9A-818DD9A4CE26}.Debug|x64.Build.0 = Debug|Any CPU
		{2ABC7120-B697-4203-9A9A-818DD9A4CE26}.Debug|x86.ActiveCfg = Debug|Any CPU
		{2ABC7120-B697-4203-9A9A-818DD9A4CE26}.Debug|x86.Build.0 = Debug|Any CPU
		{2ABC7120-B697-4203-9A9A-818DD9A4CE26}.Release|Any CPU.ActiveCfg = Release|Any CPU
		{2ABC7120-B697-4203-9A9A-818DD9A4CE26}.Release|Any CPU.Build.0 = Release|Any CPU
		{2ABC7120-B697-4203-9A9A-818DD9A4CE26}.Release|x64.ActiveCfg = Release|Any CPU
		{2ABC7120-B697-4203-9A9A-818DD9A4CE26}.Release|x64.Build.0 = Release|Any CPU
		{2ABC7120-B697-4203-9A9A-818DD9A4CE26}.Release|x86.ActiveCfg = Release|Any CPU
		{2ABC7120-B697-4203-9A9A-818DD9A4CE26}.Release|x86.Build.0 = Release|Any CPU
		{32FE9C69-6EE1-4E15-9D68-F885B849ECCD}.Debug|Any CPU.ActiveCfg = Debug|Any CPU
		{32FE9C69-6EE1-4E15-9D68-F885B849ECCD}.Debug|Any CPU.Build.0 = Debug|Any CPU
		{32FE9C69-6EE1-4E15-9D68-F885B849ECCD}.Debug|x64.ActiveCfg = Debug|Any CPU
		{32FE9C69-6EE1-4E15-9D68-F885B849ECCD}.Debug|x64.Build.0 = Debug|Any CPU
		{32FE9C69-6EE1-4E15-9D68-F885B849ECCD}.Debug|x86.ActiveCfg = Debug|Any CPU
		{32FE9C69-6EE1-4E15-9D68-F885B849ECCD}.Debug|x86.Build.0 = Debug|Any CPU
		{32FE9C69-6EE1-4E15-9D68-F885B849ECCD}.Release|Any CPU.ActiveCfg = Release|Any CPU
		{32FE9C69-6EE1-4E15-9D68-F885B849ECCD}.Release|Any CPU.Build.0 = Release|Any CPU
		{32FE9C69-6EE1-4E15-9D68-F885B849ECCD}.Release|x64.ActiveCfg = Release|Any CPU
		{32FE9C69-6EE1-4E15-9D68-F885B849ECCD}.Release|x64.Build.0 = Release|Any CPU
		{32FE9C69-6EE1-4E15-9D68-F885B849ECCD}.Release|x86.ActiveCfg = Release|Any CPU
		{32FE9C69-6EE1-4E15-9D68-F885B849ECCD}.Release|x86.Build.0 = Release|Any CPU
	EndGlobalSection
	GlobalSection(SolutionProperties) = preSolution
		HideSolutionNode = FALSE
	EndGlobalSection
	GlobalSection(NestedProjects) = preSolution
		{1690C6F7-8FBF-41DE-B287-17C092E0A32B} = {827E0CD3-B72D-47B6-A68D-7590B98EB39B}
		{ED44FBD1-0A70-4EFE-AB48-5EDB9AF517D8} = {827E0CD3-B72D-47B6-A68D-7590B98EB39B}
		{3C6952BC-77E5-4ECB-A169-FCDC2420403A} = {827E0CD3-B72D-47B6-A68D-7590B98EB39B}
		{7C1BFD15-05CB-40EF-A2BB-B841DA373185} = {827E0CD3-B72D-47B6-A68D-7590B98EB39B}
		{1F0597BD-BA73-443B-9480-B06A41CCFA6B} = {0AB3BF05-4346-4AA6-1389-037BE0695223}
		{2ABC7120-B697-4203-9A9A-818DD9A4CE26} = {B36A84DF-456D-A817-6EDD-3EC3E7F6E11F}
		{32FE9C69-6EE1-4E15-9D68-F885B849ECCD} = {09EED85C-BE3C-7566-DC0E-2E8E43466740}
	EndGlobalSection
EndGlobal
